
Microsoft Visual Studio Solution File, Format Version 11.00
# Visual Studio 2010
Project("{FAE04EC0-301F-11D3-BF4B-00C04F79EFBC}") = "Captain_Of_Industry", "XNA_CoI\Captain_Of_Industry\Captain_Of_Industry.csproj", "{0B9AFA20-F979-4DB8-8991-3ED94C6EC375}"
EndProject
Project("{FAE04EC0-301F-11D3-BF4B-00C04F79EFBC}") = "CoI_Content", "XNA_CoI\CoI_Content\CoI_Content.contentproj", "{301A0986-067D-486C-9FDE-689861944A3A}"
EndProject
Global
	GlobalSection(SolutionConfigurationPlatforms) = preSolution
		Debug|x86 = Debug|x86
		Release|x86 = Release|x86
	EndGlobalSection
	GlobalSection(ProjectConfigurationPlatforms) = postSolution
		{0B9AFA20-F979-4DB8-8991-3ED94C6EC375}.Debug|x86.ActiveCfg = Debug|x86
		{0B9AFA20-F979-4DB8-8991-3ED94C6EC375}.Debug|x86.Build.0 = Debug|x86
		{0B9AFA20-F979-4DB8-8991-3ED94C6EC375}.Release|x86.ActiveCfg = Release|x86
		{0B9AFA20-F979-4DB8-8991-3ED94C6EC375}.Release|x86.Build.0 = Release|x86
		{301A0986-067D-486C-9FDE-689861944A3A}.Debug|x86.ActiveCfg = Debug|x86
		{301A0986-067D-486C-9FDE-689861944A3A}.Release|x86.ActiveCfg = Release|x86
	EndGlobalSection
	GlobalSection(SolutionProperties) = preSolution
		HideSolutionNode = FALSE
	EndGlobalSection
EndGlobal
